{
  "version": "2",
  "remote": {
    "https://deno.land/std@0.179.0/_util/asserts.ts": "178dfc49a464aee693a7e285567b3d0b555dc805ff490505a8aae34f9cfb1462",
    "https://deno.land/std@0.179.0/flags/mod.ts": "d1cdefa18472ef69858a17df5cf7c98445ed27ac10e1460183081303b0ebc270",
    "https://unpkg.com/@types/commonmark@0.27.5/index.d.ts": "766503f3f97589504a725b3ee84309e56d569ec8e29032a655732be1dcd78df0",
    "https://unpkg.com/commonmark@0.30.0/dist/commonmark.js": "3b011b21dcbc1b502d5bcf0b4eacb1318bd0e0e80813d1c8ede1e4eec8a3e82a"
  }
}
